{
  "name": "voce_tracker",
  "version": "1.0.0",
  "lockfileVersion": 3,
  "requires": true,
  "packages": {
    "": {
      "name": "voce_tracker",
      "version": "1.0.0",
      "license": "ISC",
      "dependencies": {
        "@snowplow/browser-plugin-button-click-tracking": "^3.22.1",
        "@snowplow/browser-plugin-link-click-tracking": "^3.22.1",
        "@snowplow/browser-tracker": "^3.22.1",
        "typescript": "^5.4.3"
      }
    },
    "node_modules/@snowplow/browser-plugin-button-click-tracking": {
      "version": "3.22.1",
      "resolved": "https://registry.npmjs.org/@snowplow/browser-plugin-button-click-tracking/-/browser-plugin-button-click-tracking-3.22.1.tgz",
      "integrity": "sha512-YxDR1S5k30YY2F2g7PhQQSo6ebyEodSu+h0X+yXvleAOu7sF5DTZgJU1G2V2QUz2+lx/8EXLFlElfFgD9NFgPg==",
      "dependencies": {
        "@snowplow/browser-tracker-core": "3.22.1",
        "@snowplow/tracker-core": "3.22.1",
        "tslib": "^2.3.1"
      },
      "peerDependencies": {
        "@snowplow/browser-tracker": "~3.22.1"
      }
    },
    "node_modules/@snowplow/browser-plugin-link-click-tracking": {
      "version": "3.22.1",
      "resolved": "https://registry.npmjs.org/@snowplow/browser-plugin-link-click-tracking/-/browser-plugin-link-click-tracking-3.22.1.tgz",
      "integrity": "sha512-JF/trrqEdyvNeEpqdBtL/g1OGpEE9mOFem3GDeKDhElzj8pihQVfcmq5zpB6PeWuQqvnIAbViIOeB4Zb6Yd+rA==",
      "dependencies": {
        "@snowplow/browser-tracker-core": "3.22.1",
        "@snowplow/tracker-core": "3.22.1",
        "tslib": "^2.3.1"
      },
      "peerDependencies": {
        "@snowplow/browser-tracker": "~3.22.1"
      }
    },
    "node_modules/@snowplow/browser-tracker": {
      "version": "3.22.1",
      "resolved": "https://registry.npmjs.org/@snowplow/browser-tracker/-/browser-tracker-3.22.1.tgz",
      "integrity": "sha512-lcsVBSMrKFMusuHw07/dWPduOTsftB5rV+VPauOm7ye+ppviSgIEMZrK5tEow3xnA7E7ulhJ/kQE8SOWSErNdA==",
      "dependencies": {
        "@snowplow/browser-tracker-core": "3.22.1",
        "@snowplow/tracker-core": "3.22.1",
        "tslib": "^2.3.1"
      }
    },
    "node_modules/@snowplow/browser-tracker-core": {
      "version": "3.22.1",
      "resolved": "https://registry.npmjs.org/@snowplow/browser-tracker-core/-/browser-tracker-core-3.22.1.tgz",
      "integrity": "sha512-pRHEP+ovHJpiUgLwT1JiyyYSN1bYL9BSHdQnpdMaxOP143T6M2XP1KFUziPJiy3nteSryAEHrMXZx/ee3w8dkQ==",
      "dependencies": {
        "@snowplow/tracker-core": "3.22.1",
        "sha1": "^1.1.1",
        "tslib": "^2.3.1",
        "uuid": "^3.4.0"
      }
    },
    "node_modules/@snowplow/tracker-core": {
      "version": "3.22.1",
      "resolved": "https://registry.npmjs.org/@snowplow/tracker-core/-/tracker-core-3.22.1.tgz",
      "integrity": "sha512-xv07gO4/Jw1lLfXJwri6BTZUpIX2thJx/hjMym7VvutXvbcIM+yoln1R14kjpgcOOyKhbr+cELThOpaJUvRX1A==",
      "dependencies": {
        "tslib": "^2.3.1",
        "uuid": "^3.4.0"
      }
    },
    "node_modules/charenc": {
      "version": "0.0.2",
      "resolved": "https://registry.npmjs.org/charenc/-/charenc-0.0.2.tgz",
      "integrity": "sha512-yrLQ/yVUFXkzg7EDQsPieE/53+0RlaWTs+wBrvW36cyilJ2SaDWfl4Yj7MtLTXleV9uEKefbAGUPv2/iWSooRA==",
      "engines": {
        "node": "*"
      }
    },
    "node_modules/crypt": {
      "version": "0.0.2",
      "resolved": "https://registry.npmjs.org/crypt/-/crypt-0.0.2.tgz",
      "integrity": "sha512-mCxBlsHFYh9C+HVpiEacem8FEBnMXgU9gy4zmNC+SXAZNB/1idgp/aulFJ4FgCi7GPEVbfyng092GqL2k2rmow==",
      "engines": {
        "node": "*"
      }
    },
    "node_modules/sha1": {
      "version": "1.1.1",
      "resolved": "https://registry.npmjs.org/sha1/-/sha1-1.1.1.tgz",
      "integrity": "sha512-dZBS6OrMjtgVkopB1Gmo4RQCDKiZsqcpAQpkV/aaj+FCrCg8r4I4qMkDPQjBgLIxlmu9k4nUbWq6ohXahOneYA==",
      "dependencies": {
        "charenc": ">= 0.0.1",
        "crypt": ">= 0.0.1"
      },
      "engines": {
        "node": "*"
      }
    },
    "node_modules/tslib": {
      "version": "2.6.2",
      "resolved": "https://registry.npmjs.org/tslib/-/tslib-2.6.2.tgz",
      "integrity": "sha512-AEYxH93jGFPn/a2iVAwW87VuUIkR1FVUKB77NwMF7nBTDkDrrT/Hpt/IrCJ0QXhW27jTBDcf5ZY7w6RiqTMw2Q=="
    },
    "node_modules/typescript": {
      "version": "5.4.3",
      "resolved": "https://registry.npmjs.org/typescript/-/typescript-5.4.3.tgz",
      "integrity": "sha512-KrPd3PKaCLr78MalgiwJnA25Nm8HAmdwN3mYUYZgG/wizIo9EainNVQI9/yDavtVFRN2h3k8uf3GLHuhDMgEHg==",
      "bin": {
        "tsc": "bin/tsc",
        "tsserver": "bin/tsserver"
      },
      "engines": {
        "node": ">=14.17"
      }
    },
    "node_modules/uuid": {
      "version": "3.4.0",
      "resolved": "https://registry.npmjs.org/uuid/-/uuid-3.4.0.tgz",
      "integrity": "sha512-HjSDRw6gZE5JMggctHBcjVak08+KEVhSIiDzFnT9S9aegmp85S/bReBVTb4QTFaRNptJ9kuYaNhnbNEOkbKb/A==",
      "deprecated": "Please upgrade  to version 7 or higher.  Older versions may use Math.random() in certain circumstances, which is known to be problematic.  See https://v8.dev/blog/math-random for details.",
      "bin": {
        "uuid": "bin/uuid"
      }
    }
  }
}
